
Microsoft Visual Studio Solution File, Format Version 12.00
# Visual Studio Version 16
VisualStudioVersion = 16.0.31424.327
MinimumVisualStudioVersion = 10.0.40219.1
Project("{FAE04EC0-301F-11D3-BF4B-00C04F79EFBC}") = "StokTakipProgramı", "StokTakipProgramı\StokTakipProgramı.csproj", "{F56A656D-8CBF-447F-A642-0734EBC3D373}"
EndProject
Global
	GlobalSection(SolutionConfigurationPlatforms) = preSolution
		Debug|Any CPU = Debug|Any CPU
		Release|Any CPU = Release|Any CPU
	EndGlobalSection
	GlobalSection(ProjectConfigurationPlatforms) = postSolution
		{F56A656D-8CBF-447F-A642-0734EBC3D373}.Debug|Any CPU.ActiveCfg = Debug|Any CPU
		{F56A656D-8CBF-447F-A642-0734EBC3D373}.Debug|Any CPU.Build.0 = Debug|Any CPU
		{F56A656D-8CBF-447F-A642-0734EBC3D373}.Release|Any CPU.ActiveCfg = Release|Any CPU
		{F56A656D-8CBF-447F-A642-0734EBC3D373}.Release|Any CPU.Build.0 = Release|Any CPU
	EndGlobalSection
	GlobalSection(SolutionProperties) = preSolution
		HideSolutionNode = FALSE
	EndGlobalSection
	GlobalSection(ExtensibilityGlobals) = postSolution
		SolutionGuid = {6A984D6A-B80D-42E2-A8E0-A1DB20B91BBF}
	EndGlobalSection
EndGlobal
